
Microsoft Visual Studio Solution File, Format Version 12.00
# Visual Studio Version 17
VisualStudioVersion = 17.12.35728.132 d17.12
MinimumVisualStudioVersion = 10.0.40219.1
Project("{FAE04EC0-301F-11D3-BF4B-00C04F79EFBC}") = "anotações ARITMÉTICOS", "anotações ARITMÉTICOS.csproj", "{036D10D2-41E9-4C41-B843-1B86A3FD3643}"
EndProject
Global
	GlobalSection(SolutionConfigurationPlatforms) = preSolution
		Debug|Any CPU = Debug|Any CPU
		Release|Any CPU = Release|Any CPU
	EndGlobalSection
	GlobalSection(ProjectConfigurationPlatforms) = postSolution
		{036D10D2-41E9-4C41-B843-1B86A3FD3643}.Debug|Any CPU.ActiveCfg = Debug|Any CPU
		{036D10D2-41E9-4C41-B843-1B86A3FD3643}.Debug|Any CPU.Build.0 = Debug|Any CPU
		{036D10D2-41E9-4C41-B843-1B86A3FD3643}.Release|Any CPU.ActiveCfg = Release|Any CPU
		{036D10D2-41E9-4C41-B843-1B86A3FD3643}.Release|Any CPU.Build.0 = Release|Any CPU
	EndGlobalSection
	GlobalSection(SolutionProperties) = preSolution
		HideSolutionNode = FALSE
	EndGlobalSection
EndGlobal
